
Microsoft Visual Studio Solution File, Format Version 12.00
# Visual Studio Version 17
VisualStudioVersion = 17.2.32616.157
MinimumVisualStudioVersion = 10.0.40219.1
Project("{FAE04EC0-301F-11D3-BF4B-00C04F79EFBC}") = "Pre.Linq.Extensions.Cons", "Pre.Linq.Extensions.Cons\Pre.Linq.Extensions.Cons.csproj", "{FD31B5F6-732B-4946-A6CD-6A7A773F017E}"
EndProject
Global
	GlobalSection(SolutionConfigurationPlatforms) = preSolution
		Debug|Any CPU = Debug|Any CPU
		Release|Any CPU = Release|Any CPU
	EndGlobalSection
	GlobalSection(ProjectConfigurationPlatforms) = postSolution
		{FD31B5F6-732B-4946-A6CD-6A7A773F017E}.Debug|Any CPU.ActiveCfg = Debug|Any CPU
		{FD31B5F6-732B-4946-A6CD-6A7A773F017E}.Debug|Any CPU.Build.0 = Debug|Any CPU
		{FD31B5F6-732B-4946-A6CD-6A7A773F017E}.Release|Any CPU.ActiveCfg = Release|Any CPU
		{FD31B5F6-732B-4946-A6CD-6A7A773F017E}.Release|Any CPU.Build.0 = Release|Any CPU
	EndGlobalSection
	GlobalSection(SolutionProperties) = preSolution
		HideSolutionNode = FALSE
	EndGlobalSection
	GlobalSection(ExtensibilityGlobals) = postSolution
		SolutionGuid = {7DF3FABD-00B8-4EE9-B3C6-C26ABBC10922}
	EndGlobalSection
EndGlobal
